// !$*UTF8*$!
{
	archiveVersion = 1;
	classes = {
	};
	objectVersion = 55;
	objects = {

/* Begin PBXBuildFile section */
		74005BB32849EA6800BB11B4 /* CustomHeaderView.swift in Sources */ = {isa = PBXBuildFile; fileRef = 74005BB22849EA6800BB11B4 /* CustomHeaderView.swift */; };
		74005BB52849EA9700BB11B4 /* CustomHeaderView.xib in Resources */ = {isa = PBXBuildFile; fileRef = 74005BB42849EA9700BB11B4 /* CustomHeaderView.xib */; };
		7422B612284E08F3005D2C05 /* NetworkMonitor.swift in Sources */ = {isa = PBXBuildFile; fileRef = 7422B611284E08F3005D2C05 /* NetworkMonitor.swift */; };
		7426B5F6276D47BA005C95D5 /* AppDelegate.swift in Sources */ = {isa = PBXBuildFile; fileRef = 7426B5F5276D47BA005C95D5 /* AppDelegate.swift */; };
		7426B5F8276D47BA005C95D5 /* SceneDelegate.swift in Sources */ = {isa = PBXBuildFile; fileRef = 7426B5F7276D47BA005C95D5 /* SceneDelegate.swift */; };
		7426B5FD276D47BB005C95D5 /* Main.storyboard in Resources */ = {isa = PBXBuildFile; fileRef = 7426B5FB276D47BA005C95D5 /* Main.storyboard */; };
		7426B5FF276D47BC005C95D5 /* Assets.xcassets in Resources */ = {isa = PBXBuildFile; fileRef = 7426B5FE276D47BC005C95D5 /* Assets.xcassets */; };
		7426B602276D47BC005C95D5 /* LaunchScreen.storyboard in Resources */ = {isa = PBXBuildFile; fileRef = 7426B600276D47BC005C95D5 /* LaunchScreen.storyboard */; };
		7426B60B276D48D9005C95D5 /* PictureListViewController.swift in Sources */ = {isa = PBXBuildFile; fileRef = 7426B60A276D48D9005C95D5 /* PictureListViewController.swift */; };
		7426B60F276D4A0A005C95D5 /* AstronomyPicture.swift in Sources */ = {isa = PBXBuildFile; fileRef = 7426B60E276D4A0A005C95D5 /* AstronomyPicture.swift */; };
		7426B612276EDB57005C95D5 /* AstronomyPictureCell.swift in Sources */ = {isa = PBXBuildFile; fileRef = 7426B611276EDB57005C95D5 /* AstronomyPictureCell.swift */; };
		7426B615276EDE55005C95D5 /* Networker.swift in Sources */ = {isa = PBXBuildFile; fileRef = 7426B614276EDE55005C95D5 /* Networker.swift */; };
		74464DD127A6D51200827F97 /* DetailedPictureTableViewController.swift in Sources */ = {isa = PBXBuildFile; fileRef = 74464DD027A6D51200827F97 /* DetailedPictureTableViewController.swift */; };
		744BF7E3279542C700986A62 /* SettingsViewController.swift in Sources */ = {isa = PBXBuildFile; fileRef = 744BF7E2279542C700986A62 /* SettingsViewController.swift */; };
		745335362876D74D0090FCC6 /* ImageScrollView.swift in Sources */ = {isa = PBXBuildFile; fileRef = 745335352876D74D0090FCC6 /* ImageScrollView.swift */; };
		745F3EE72846981C00D0F514 /* SettingsState.swift in Sources */ = {isa = PBXBuildFile; fileRef = 745F3EE62846981C00D0F514 /* SettingsState.swift */; };
		746761EE27C00F7200918A9E /* Extension + UIViewController.swift in Sources */ = {isa = PBXBuildFile; fileRef = 746761ED27C00F7200918A9E /* Extension + UIViewController.swift */; };
		74725FC5281C54E0009B85CE /* Extension + UIView.swift in Sources */ = {isa = PBXBuildFile; fileRef = 74725FC4281C54E0009B85CE /* Extension + UIView.swift */; };
		74726AE52875AE1100F743C6 /* FullScreenImageViewController.swift in Sources */ = {isa = PBXBuildFile; fileRef = 74726AE42875AE1100F743C6 /* FullScreenImageViewController.swift */; };
		748C256D27982EA200992035 /* DataManager.swift in Sources */ = {isa = PBXBuildFile; fileRef = 748C256C27982EA200992035 /* DataManager.swift */; };
		74FCD2DF278B2FDE005B8021 /* CacheManager.swift in Sources */ = {isa = PBXBuildFile; fileRef = 74FCD2DE278B2FDE005B8021 /* CacheManager.swift */; };
		D6BA733C2C53A7541D1A813C /* Pods_APOD.framework in Frameworks */ = {isa = PBXBuildFile; fileRef = 02C9FF80C5B9F5292D3BF09D /* Pods_APOD.framework */; };
/* End PBXBuildFile section */

/* Begin PBXFileReference section */
		02C9FF80C5B9F5292D3BF09D /* Pods_APOD.framework */ = {isa = PBXFileReference; explicitFileType = wrapper.framework; includeInIndex = 0; path = Pods_APOD.framework; sourceTree = BUILT_PRODUCTS_DIR; };
		5873569E51DC35102AFD2B8A /* Pods-APOD.debug.xcconfig */ = {isa = PBXFileReference; includeInIndex = 1; lastKnownFileType = text.xcconfig; name = "Pods-APOD.debug.xcconfig"; path = "Target Support Files/Pods-APOD/Pods-APOD.debug.xcconfig"; sourceTree = "<group>"; };
		74005BB22849EA6800BB11B4 /* CustomHeaderView.swift */ = {isa = PBXFileReference; lastKnownFileType = sourcecode.swift; path = CustomHeaderView.swift; sourceTree = "<group>"; };
		74005BB42849EA9700BB11B4 /* CustomHeaderView.xib */ = {isa = PBXFileReference; lastKnownFileType = file.xib; path = CustomHeaderView.xib; sourceTree = "<group>"; };
		7422B611284E08F3005D2C05 /* NetworkMonitor.swift */ = {isa = PBXFileReference; lastKnownFileType = sourcecode.swift; path = NetworkMonitor.swift; sourceTree = "<group>"; };
		7426B5F2276D47BA005C95D5 /* APOD.app */ = {isa = PBXFileReference; explicitFileType = wrapper.application; includeInIndex = 0; path = APOD.app; sourceTree = BUILT_PRODUCTS_DIR; };
		7426B5F5276D47BA005C95D5 /* AppDelegate.swift */ = {isa = PBXFileReference; lastKnownFileType = sourcecode.swift; path = AppDelegate.swift; sourceTree = "<group>"; };
		7426B5F7276D47BA005C95D5 /* SceneDelegate.swift */ = {isa = PBXFileReference; lastKnownFileType = sourcecode.swift; path = SceneDelegate.swift; sourceTree = "<group>"; };
		7426B5FC276D47BA005C95D5 /* Base */ = {isa = PBXFileReference; lastKnownFileType = file.storyboard; name = Base; path = Base.lproj/Main.storyboard; sourceTree = "<group>"; };
		7426B5FE276D47BC005C95D5 /* Assets.xcassets */ = {isa = PBXFileReference; lastKnownFileType = folder.assetcatalog; path = Assets.xcassets; sourceTree = "<group>"; };
		7426B601276D47BC005C95D5 /* Base */ = {isa = PBXFileReference; lastKnownFileType = file.storyboard; name = Base; path = Base.lproj/LaunchScreen.storyboard; sourceTree = "<group>"; };
		7426B603276D47BC005C95D5 /* Info.plist */ = {isa = PBXFileReference; lastKnownFileType = text.plist.xml; path = Info.plist; sourceTree = "<group>"; };
		7426B60A276D48D9005C95D5 /* PictureListViewController.swift */ = {isa = PBXFileReference; lastKnownFileType = sourcecode.swift; path = PictureListViewController.swift; sourceTree = "<group>"; };
		7426B60E276D4A0A005C95D5 /* AstronomyPicture.swift */ = {isa = PBXFileReference; lastKnownFileType = sourcecode.swift; path = AstronomyPicture.swift; sourceTree = "<group>"; };
		7426B611276EDB57005C95D5 /* AstronomyPictureCell.swift */ = {isa = PBXFileReference; lastKnownFileType = sourcecode.swift; path = AstronomyPictureCell.swift; sourceTree = "<group>"; };
		7426B614276EDE55005C95D5 /* Networker.swift */ = {isa = PBXFileReference; lastKnownFileType = sourcecode.swift; path = Networker.swift; sourceTree = "<group>"; };
		74464DD027A6D51200827F97 /* DetailedPictureTableViewController.swift */ = {isa = PBXFileReference; lastKnownFileType = sourcecode.swift; path = DetailedPictureTableViewController.swift; sourceTree = "<group>"; };
		744BF7E2279542C700986A62 /* SettingsViewController.swift */ = {isa = PBXFileReference; lastKnownFileType = sourcecode.swift; path = SettingsViewController.swift; sourceTree = "<group>"; };
		745335352876D74D0090FCC6 /* ImageScrollView.swift */ = {isa = PBXFileReference; lastKnownFileType = sourcecode.swift; path = ImageScrollView.swift; sourceTree = "<group>"; };
		745F3EE62846981C00D0F514 /* SettingsState.swift */ = {isa = PBXFileReference; lastKnownFileType = sourcecode.swift; path = SettingsState.swift; sourceTree = "<group>"; };
		746761ED27C00F7200918A9E /* Extension + UIViewController.swift */ = {isa = PBXFileReference; lastKnownFileType = sourcecode.swift; path = "Extension + UIViewController.swift"; sourceTree = "<group>"; };
		74725FC4281C54E0009B85CE /* Extension + UIView.swift */ = {isa = PBXFileReference; lastKnownFileType = sourcecode.swift; path = "Extension + UIView.swift"; sourceTree = "<group>"; };
		74726AE42875AE1100F743C6 /* FullScreenImageViewController.swift */ = {isa = PBXFileReference; lastKnownFileType = sourcecode.swift; path = FullScreenImageViewController.swift; sourceTree = "<group>"; };
		748C256C27982EA200992035 /* DataManager.swift */ = {isa = PBXFileReference; lastKnownFileType = sourcecode.swift; path = DataManager.swift; sourceTree = "<group>"; };
		74FCD2DE278B2FDE005B8021 /* CacheManager.swift */ = {isa = PBXFileReference; lastKnownFileType = sourcecode.swift; path = CacheManager.swift; sourceTree = "<group>"; };
		C8FCB7F315ED87F2EAA8BD65 /* Pods-APOD.release.xcconfig */ = {isa = PBXFileReference; includeInIndex = 1; lastKnownFileType = text.xcconfig; name = "Pods-APOD.release.xcconfig"; path = "Target Support Files/Pods-APOD/Pods-APOD.release.xcconfig"; sourceTree = "<group>"; };
/* End PBXFileReference section */

/* Begin PBXFrameworksBuildPhase section */
		7426B5EF276D47BA005C95D5 /* Frameworks */ = {
			isa = PBXFrameworksBuildPhase;
			buildActionMask = 2147483647;
			files = (
				D6BA733C2C53A7541D1A813C /* Pods_APOD.framework in Frameworks */,
			);
			runOnlyForDeploymentPostprocessing = 0;
		};
/* End PBXFrameworksBuildPhase section */

/* Begin PBXGroup section */
		057597CC4DD50A8A790A7882 /* Frameworks */ = {
			isa = PBXGroup;
			children = (
				02C9FF80C5B9F5292D3BF09D /* Pods_APOD.framework */,
			);
			name = Frameworks;
			sourceTree = "<group>";
		};
		7426B5E9276D47BA005C95D5 = {
			isa = PBXGroup;
			children = (
				7426B5F4276D47BA005C95D5 /* APOD */,
				7426B5F3276D47BA005C95D5 /* Products */,
				A068BBB16A4AA87C78F56A20 /* Pods */,
				057597CC4DD50A8A790A7882 /* Frameworks */,
			);
			sourceTree = "<group>";
		};
		7426B5F3276D47BA005C95D5 /* Products */ = {
			isa = PBXGroup;
			children = (
				7426B5F2276D47BA005C95D5 /* APOD.app */,
			);
			name = Products;
			sourceTree = "<group>";
		};
		7426B5F4276D47BA005C95D5 /* APOD */ = {
			isa = PBXGroup;
			children = (
				7426B60D276D4906005C95D5 /* SupportingFiles */,
				7426B609276D4864005C95D5 /* Storyboards */,
				7426B610276D4A10005C95D5 /* Models */,
				7426B613276EDB65005C95D5 /* Views */,
				7426B60C276D48F2005C95D5 /* ViewControllers */,
				7426B616276EDE6A005C95D5 /* Services */,
				7426B5FE276D47BC005C95D5 /* Assets.xcassets */,
			);
			path = APOD;
			sourceTree = "<group>";
		};
		7426B609276D4864005C95D5 /* Storyboards */ = {
			isa = PBXGroup;
			children = (
				7426B5FB276D47BA005C95D5 /* Main.storyboard */,
				7426B600276D47BC005C95D5 /* LaunchScreen.storyboard */,
			);
			path = Storyboards;
			sourceTree = "<group>";
		};
		7426B60C276D48F2005C95D5 /* ViewControllers */ = {
			isa = PBXGroup;
			children = (
				7426B60A276D48D9005C95D5 /* PictureListViewController.swift */,
				744BF7E2279542C700986A62 /* SettingsViewController.swift */,
				74464DD027A6D51200827F97 /* DetailedPictureTableViewController.swift */,
				746761ED27C00F7200918A9E /* Extension + UIViewController.swift */,
				74726AE42875AE1100F743C6 /* FullScreenImageViewController.swift */,
			);
			path = ViewControllers;
			sourceTree = "<group>";
		};
		7426B60D276D4906005C95D5 /* SupportingFiles */ = {
			isa = PBXGroup;
			children = (
				7426B5F5276D47BA005C95D5 /* AppDelegate.swift */,
				7426B5F7276D47BA005C95D5 /* SceneDelegate.swift */,
				7426B603276D47BC005C95D5 /* Info.plist */,
			);
			path = SupportingFiles;
			sourceTree = "<group>";
		};
		7426B610276D4A10005C95D5 /* Models */ = {
			isa = PBXGroup;
			children = (
				7426B60E276D4A0A005C95D5 /* AstronomyPicture.swift */,
				745F3EE62846981C00D0F514 /* SettingsState.swift */,
			);
			path = Models;
			sourceTree = "<group>";
		};
		7426B613276EDB65005C95D5 /* Views */ = {
			isa = PBXGroup;
			children = (
				7426B611276EDB57005C95D5 /* AstronomyPictureCell.swift */,
				74725FC4281C54E0009B85CE /* Extension + UIView.swift */,
				74005BB22849EA6800BB11B4 /* CustomHeaderView.swift */,
				74005BB42849EA9700BB11B4 /* CustomHeaderView.xib */,
				745335352876D74D0090FCC6 /* ImageScrollView.swift */,
			);
			path = Views;
			sourceTree = "<group>";
		};
		7426B616276EDE6A005C95D5 /* Services */ = {
			isa = PBXGroup;
			children = (
				7426B614276EDE55005C95D5 /* Networker.swift */,
				7422B611284E08F3005D2C05 /* NetworkMonitor.swift */,
				74FCD2DE278B2FDE005B8021 /* CacheManager.swift */,
				748C256C27982EA200992035 /* DataManager.swift */,
			);
			path = Services;
			sourceTree = "<group>";
		};
		A068BBB16A4AA87C78F56A20 /* Pods */ = {
			isa = PBXGroup;
			children = (
				5873569E51DC35102AFD2B8A /* Pods-APOD.debug.xcconfig */,
				C8FCB7F315ED87F2EAA8BD65 /* Pods-APOD.release.xcconfig */,
			);
			path = Pods;
			sourceTree = "<group>";
		};
/* End PBXGroup section */

/* Begin PBXNativeTarget section */
		7426B5F1276D47BA005C95D5 /* APOD */ = {
			isa = PBXNativeTarget;
			buildConfigurationList = 7426B606276D47BC005C95D5 /* Build configuration list for PBXNativeTarget "APOD" */;
			buildPhases = (
				2F1271DF38B1A315ECE77DE4 /* [CP] Check Pods Manifest.lock */,
				7426B5EE276D47BA005C95D5 /* Sources */,
				7426B5EF276D47BA005C95D5 /* Frameworks */,
				7426B5F0276D47BA005C95D5 /* Resources */,
				F238C290CA24C5461B08DE59 /* [CP] Embed Pods Frameworks */,
			);
			buildRules = (
			);
			dependencies = (
			);
			name = APOD;
			productName = APOD;
			productReference = 7426B5F2276D47BA005C95D5 /* APOD.app */;
			productType = "com.apple.product-type.application";
		};
/* End PBXNativeTarget section */

/* Begin PBXProject section */
		7426B5EA276D47BA005C95D5 /* Project object */ = {
			isa = PBXProject;
			attributes = {
				BuildIndependentTargetsInParallel = 1;
				LastSwiftUpdateCheck = 1310;
				LastUpgradeCheck = 1310;
				TargetAttributes = {
					7426B5F1276D47BA005C95D5 = {
						CreatedOnToolsVersion = 13.1;
					};
				};
			};
			buildConfigurationList = 7426B5ED276D47BA005C95D5 /* Build configuration list for PBXProject "APOD" */;
			compatibilityVersion = "Xcode 13.0";
			developmentRegion = en;
			hasScannedForEncodings = 0;
			knownRegions = (
				en,
				Base,
			);
			mainGroup = 7426B5E9276D47BA005C95D5;
			productRefGroup = 7426B5F3276D47BA005C95D5 /* Products */;
			projectDirPath = "";
			projectRoot = "";
			targets = (
				7426B5F1276D47BA005C95D5 /* APOD */,
			);
		};
/* End PBXProject section */

/* Begin PBXResourcesBuildPhase section */
		7426B5F0276D47BA005C95D5 /* Resources */ = {
			isa = PBXResourcesBuildPhase;
			buildActionMask = 2147483647;
			files = (
				74005BB52849EA9700BB11B4 /* CustomHeaderView.xib in Resources */,
				7426B602276D47BC005C95D5 /* LaunchScreen.storyboard in Resources */,
				7426B5FF276D47BC005C95D5 /* Assets.xcassets in Resources */,
				7426B5FD276D47BB005C95D5 /* Main.storyboard in Resources */,
			);
			runOnlyForDeploymentPostprocessing = 0;
		};
/* End PBXResourcesBuildPhase section */

/* Begin PBXShellScriptBuildPhase section */
		2F1271DF38B1A315ECE77DE4 /* [CP] Check Pods Manifest.lock */ = {
			isa = PBXShellScriptBuildPhase;
			buildActionMask = 2147483647;
			files = (
			);
			inputFileListPaths = (
			);
			inputPaths = (
				"${PODS_PODFILE_DIR_PATH}/Podfile.lock",
				"${PODS_ROOT}/Manifest.lock",
			);
			name = "[CP] Check Pods Manifest.lock";
			outputFileListPaths = (
			);
			outputPaths = (
				"$(DERIVED_FILE_DIR)/Pods-APOD-checkManifestLockResult.txt",
			);
			runOnlyForDeploymentPostprocessing = 0;
			shellPath = /bin/sh;
			shellScript = "diff \"${PODS_PODFILE_DIR_PATH}/Podfile.lock\" \"${PODS_ROOT}/Manifest.lock\" > /dev/null\nif [ $? != 0 ] ; then\n    # print error to STDERR\n    echo \"error: The sandbox is not in sync with the Podfile.lock. Run 'pod install' or update your CocoaPods installation.\" >&2\n    exit 1\nfi\n# This output is used by Xcode 'outputs' to avoid re-running this script phase.\necho \"SUCCESS\" > \"${SCRIPT_OUTPUT_FILE_0}\"\n";
			showEnvVarsInLog = 0;
		};
		F238C290CA24C5461B08DE59 /* [CP] Embed Pods Frameworks */ = {
			isa = PBXShellScriptBuildPhase;
			buildActionMask = 2147483647;
			files = (
			);
			inputFileListPaths = (
				"${PODS_ROOT}/Target Support Files/Pods-APOD/Pods-APOD-frameworks-${CONFIGURATION}-input-files.xcfilelist",
			);
			name = "[CP] Embed Pods Frameworks";
			outputFileListPaths = (
				"${PODS_ROOT}/Target Support Files/Pods-APOD/Pods-APOD-frameworks-${CONFIGURATION}-output-files.xcfilelist",
			);
			runOnlyForDeploymentPostprocessing = 0;
			shellPath = /bin/sh;
			shellScript = "\"${PODS_ROOT}/Target Support Files/Pods-APOD/Pods-APOD-frameworks.sh\"\n";
			showEnvVarsInLog = 0;
		};
/* End PBXShellScriptBuildPhase section */

/* Begin PBXSourcesBuildPhase section */
		7426B5EE276D47BA005C95D5 /* Sources */ = {
			isa = PBXSourcesBuildPhase;
			buildActionMask = 2147483647;
			files = (
				7426B612276EDB57005C95D5 /* AstronomyPictureCell.swift in Sources */,
				7426B60B276D48D9005C95D5 /* PictureListViewController.swift in Sources */,
				7426B60F276D4A0A005C95D5 /* AstronomyPicture.swift in Sources */,
				7426B5F6276D47BA005C95D5 /* AppDelegate.swift in Sources */,
				745F3EE72846981C00D0F514 /* SettingsState.swift in Sources */,
				74464DD127A6D51200827F97 /* DetailedPictureTableViewController.swift in Sources */,
				7426B5F8276D47BA005C95D5 /* SceneDelegate.swift in Sources */,
				7422B612284E08F3005D2C05 /* NetworkMonitor.swift in Sources */,
				7426B615276EDE55005C95D5 /* Networker.swift in Sources */,
				74005BB32849EA6800BB11B4 /* CustomHeaderView.swift in Sources */,
				745335362876D74D0090FCC6 /* ImageScrollView.swift in Sources */,
				74FCD2DF278B2FDE005B8021 /* CacheManager.swift in Sources */,
				74726AE52875AE1100F743C6 /* FullScreenImageViewController.swift in Sources */,
				74725FC5281C54E0009B85CE /* Extension + UIView.swift in Sources */,
				746761EE27C00F7200918A9E /* Extension + UIViewController.swift in Sources */,
				748C256D27982EA200992035 /* DataManager.swift in Sources */,
				744BF7E3279542C700986A62 /* SettingsViewController.swift in Sources */,
			);
			runOnlyForDeploymentPostprocessing = 0;
		};
/* End PBXSourcesBuildPhase section */

/* Begin PBXVariantGroup section */
		7426B5FB276D47BA005C95D5 /* Main.storyboard */ = {
			isa = PBXVariantGroup;
			children = (
				7426B5FC276D47BA005C95D5 /* Base */,
			);
			name = Main.storyboard;
			sourceTree = "<group>";
		};
		7426B600276D47BC005C95D5 /* LaunchScreen.storyboard */ = {
			isa = PBXVariantGroup;
			children = (
				7426B601276D47BC005C95D5 /* Base */,
			);
			name = LaunchScreen.storyboard;
			sourceTree = "<group>";
		};
/* End PBXVariantGroup section */

/* Begin XCBuildConfiguration section */
		7426B604276D47BC005C95D5 /* Debug */ = {
			isa = XCBuildConfiguration;
			buildSettings = {
				ALWAYS_SEARCH_USER_PATHS = NO;
				CLANG_ANALYZER_NONNULL = YES;
				CLANG_ANALYZER_NUMBER_OBJECT_CONVERSION = YES_AGGRESSIVE;
				CLANG_CXX_LANGUAGE_STANDARD = "gnu++17";
				CLANG_CXX_LIBRARY = "libc++";
				CLANG_ENABLE_MODULES = YES;
				CLANG_ENABLE_OBJC_ARC = YES;
				CLANG_ENABLE_OBJC_WEAK = YES;
				CLANG_WARN_BLOCK_CAPTURE_AUTORELEASING = YES;
				CLANG_WARN_BOOL_CONVERSION = YES;
				CLANG_WARN_COMMA = YES;
				CLANG_WARN_CONSTANT_CONVERSION = YES;
				CLANG_WARN_DEPRECATED_OBJC_IMPLEMENTATIONS = YES;
				CLANG_WARN_DIRECT_OBJC_ISA_USAGE = YES_ERROR;
				CLANG_WARN_DOCUMENTATION_COMMENTS = YES;
				CLANG_WARN_EMPTY_BODY = YES;
				CLANG_WARN_ENUM_CONVERSION = YES;
				CLANG_WARN_INFINITE_RECURSION = YES;
				CLANG_WARN_INT_CONVERSION = YES;
				CLANG_WARN_NON_LITERAL_NULL_CONVERSION = YES;
				CLANG_WARN_OBJC_IMPLICIT_RETAIN_SELF = YES;
				CLANG_WARN_OBJC_LITERAL_CONVERSION = YES;
				CLANG_WARN_OBJC_ROOT_CLASS = YES_ERROR;
				CLANG_WARN_QUOTED_INCLUDE_IN_FRAMEWORK_HEADER = YES;
				CLANG_WARN_RANGE_LOOP_ANALYSIS = YES;
				CLANG_WARN_STRICT_PROTOTYPES = YES;
				CLANG_WARN_SUSPICIOUS_MOVE = YES;
				CLANG_WARN_UNGUARDED_AVAILABILITY = YES_AGGRESSIVE;
				CLANG_WARN_UNREACHABLE_CODE = YES;
				CLANG_WARN__DUPLICATE_METHOD_MATCH = YES;
				COPY_PHASE_STRIP = NO;
				DEBUG_INFORMATION_FORMAT = dwarf;
				ENABLE_STRICT_OBJC_MSGSEND = YES;
				ENABLE_TESTABILITY = YES;
				GCC_C_LANGUAGE_STANDARD = gnu11;
				GCC_DYNAMIC_NO_PIC = NO;
				GCC_NO_COMMON_BLOCKS = YES;
				GCC_OPTIMIZATION_LEVEL = 0;
				GCC_PREPROCESSOR_DEFINITIONS = (
					"DEBUG=1",
					"$(inherited)",
				);
				GCC_WARN_64_TO_32_BIT_CONVERSION = YES;
				GCC_WARN_ABOUT_RETURN_TYPE = YES_ERROR;
				GCC_WARN_UNDECLARED_SELECTOR = YES;
				GCC_WARN_UNINITIALIZED_AUTOS = YES_AGGRESSIVE;
				GCC_WARN_UNUSED_FUNCTION = YES;
				GCC_WARN_UNUSED_VARIABLE = YES;
				IPHONEOS_DEPLOYMENT_TARGET = 14.0;
				MTL_ENABLE_DEBUG_INFO = INCLUDE_SOURCE;
				MTL_FAST_MATH = YES;
				ONLY_ACTIVE_ARCH = YES;
				SDKROOT = iphoneos;
				SWIFT_ACTIVE_COMPILATION_CONDITIONS = DEBUG;
				SWIFT_OPTIMIZATION_LEVEL = "-Onone";
			};
			name = Debug;
		};
		7426B605276D47BC005C95D5 /* Release */ = {
			isa = XCBuildConfiguration;
			buildSettings = {
				ALWAYS_SEARCH_USER_PATHS = NO;
				CLANG_ANALYZER_NONNULL = YES;
				CLANG_ANALYZER_NUMBER_OBJECT_CONVERSION = YES_AGGRESSIVE;
				CLANG_CXX_LANGUAGE_STANDARD = "gnu++17";
				CLANG_CXX_LIBRARY = "libc++";
				CLANG_ENABLE_MODULES = YES;
				CLANG_ENABLE_OBJC_ARC = YES;
				CLANG_ENABLE_OBJC_WEAK = YES;
				CLANG_WARN_BLOCK_CAPTURE_AUTORELEASING = YES;
				CLANG_WARN_BOOL_CONVERSION = YES;
				CLANG_WARN_COMMA = YES;
				CLANG_WARN_CONSTANT_CONVERSION = YES;
				CLANG_WARN_DEPRECATED_OBJC_IMPLEMENTATIONS = YES;
				CLANG_WARN_DIRECT_OBJC_ISA_USAGE = YES_ERROR;
				CLANG_WARN_DOCUMENTATION_COMMENTS = YES;
				CLANG_WARN_EMPTY_BODY = YES;
				CLANG_WARN_ENUM_CONVERSION = YES;
				CLANG_WARN_INFINITE_RECURSION = YES;
				CLANG_WARN_INT_CONVERSION = YES;
				CLANG_WARN_NON_LITERAL_NULL_CONVERSION = YES;
				CLANG_WARN_OBJC_IMPLICIT_RETAIN_SELF = YES;
				CLANG_WARN_OBJC_LITERAL_CONVERSION = YES;
				CLANG_WARN_OBJC_ROOT_CLASS = YES_ERROR;
				CLANG_WARN_QUOTED_INCLUDE_IN_FRAMEWORK_HEADER = YES;
				CLANG_WARN_RANGE_LOOP_ANALYSIS = YES;
				CLANG_WARN_STRICT_PROTOTYPES = YES;
				CLANG_WARN_SUSPICIOUS_MOVE = YES;
				CLANG_WARN_UNGUARDED_AVAILABILITY = YES_AGGRESSIVE;
				CLANG_WARN_UNREACHABLE_CODE = YES;
				CLANG_WARN__DUPLICATE_METHOD_MATCH = YES;
				COPY_PHASE_STRIP = NO;
				DEBUG_INFORMATION_FORMAT = "dwarf-with-dsym";
				ENABLE_NS_ASSERTIONS = NO;
				ENABLE_STRICT_OBJC_MSGSEND = YES;
				GCC_C_LANGUAGE_STANDARD = gnu11;
				GCC_NO_COMMON_BLOCKS = YES;
				GCC_WARN_64_TO_32_BIT_CONVERSION = YES;
				GCC_WARN_ABOUT_RETURN_TYPE = YES_ERROR;
				GCC_WARN_UNDECLARED_SELECTOR = YES;
				GCC_WARN_UNINITIALIZED_AUTOS = YES_AGGRESSIVE;
				GCC_WARN_UNUSED_FUNCTION = YES;
				GCC_WARN_UNUSED_VARIABLE = YES;
				IPHONEOS_DEPLOYMENT_TARGET = 14.0;
				MTL_ENABLE_DEBUG_INFO = NO;
				MTL_FAST_MATH = YES;
				SDKROOT = iphoneos;
				SWIFT_COMPILATION_MODE = wholemodule;
				SWIFT_OPTIMIZATION_LEVEL = "-O";
				VALIDATE_PRODUCT = YES;
			};
			name = Release;
		};
		7426B607276D47BC005C95D5 /* Debug */ = {
			isa = XCBuildConfiguration;
			baseConfigurationReference = 5873569E51DC35102AFD2B8A /* Pods-APOD.debug.xcconfig */;
			buildSettings = {
				ASSETCATALOG_COMPILER_APPICON_NAME = AppIcon;
				ASSETCATALOG_COMPILER_GLOBAL_ACCENT_COLOR_NAME = AccentColor;
				CODE_SIGN_STYLE = Automatic;
				CURRENT_PROJECT_VERSION = 1;
				DEVELOPMENT_TEAM = V28WNHS5X7;
				GENERATE_INFOPLIST_FILE = YES;
				INFOPLIST_FILE = APOD/SupportingFiles/Info.plist;
				INFOPLIST_KEY_CFBundleDisplayName = APOD;
				INFOPLIST_KEY_UIApplicationSupportsIndirectInputEvents = YES;
				INFOPLIST_KEY_UILaunchStoryboardName = LaunchScreen;
				INFOPLIST_KEY_UIMainStoryboardFile = Main;
				INFOPLIST_KEY_UISupportedInterfaceOrientations = UIInterfaceOrientationPortrait;
				INFOPLIST_KEY_UISupportedInterfaceOrientations_iPad = "UIInterfaceOrientationPortrait UIInterfaceOrientationPortraitUpsideDown UIInterfaceOrientationLandscapeLeft UIInterfaceOrientationLandscapeRight";
				INFOPLIST_KEY_UISupportedInterfaceOrientations_iPhone = UIInterfaceOrientationPortrait;
				IPHONEOS_DEPLOYMENT_TARGET = 14.0;
				LD_RUNPATH_SEARCH_PATHS = (
					"$(inherited)",
					"@executable_path/Frameworks",
				);
				MARKETING_VERSION = 1.0;
				PRODUCT_BUNDLE_IDENTIFIER = com.MikhailMezentsev.APOD;
				PRODUCT_NAME = "$(TARGET_NAME)";
				SWIFT_EMIT_LOC_STRINGS = YES;
				SWIFT_VERSION = 5.0;
				TARGETED_DEVICE_FAMILY = 1;
			};
			name = Debug;
		};
		7426B608276D47BC005C95D5 /* Release */ = {
			isa = XCBuildConfiguration;
			baseConfigurationReference = C8FCB7F315ED87F2EAA8BD65 /* Pods-APOD.release.xcconfig */;
			buildSettings = {
				ASSETCATALOG_COMPILER_APPICON_NAME = AppIcon;
				ASSETCATALOG_COMPILER_GLOBAL_ACCENT_COLOR_NAME = AccentColor;
				CODE_SIGN_STYLE = Automatic;
				CURRENT_PROJECT_VERSION = 1;
				DEVELOPMENT_TEAM = V28WNHS5X7;
				GENERATE_INFOPLIST_FILE = YES;
				INFOPLIST_FILE = APOD/SupportingFiles/Info.plist;
				INFOPLIST_KEY_CFBundleDisplayName = APOD;
				INFOPLIST_KEY_UIApplicationSupportsIndirectInputEvents = YES;
				INFOPLIST_KEY_UILaunchStoryboardName = LaunchScreen;
				INFOPLIST_KEY_UIMainStoryboardFile = Main;
				INFOPLIST_KEY_UISupportedInterfaceOrientations = UIInterfaceOrientationPortrait;
				INFOPLIST_KEY_UISupportedInterfaceOrientations_iPad = "UIInterfaceOrientationPortrait UIInterfaceOrientationPortraitUpsideDown UIInterfaceOrientationLandscapeLeft UIInterfaceOrientationLandscapeRight";
				INFOPLIST_KEY_UISupportedInterfaceOrientations_iPhone = UIInterfaceOrientationPortrait;
				IPHONEOS_DEPLOYMENT_TARGET = 14.0;
				LD_RUNPATH_SEARCH_PATHS = (
					"$(inherited)",
					"@executable_path/Frameworks",
				);
				MARKETING_VERSION = 1.0;
				PRODUCT_BUNDLE_IDENTIFIER = com.MikhailMezentsev.APOD;
				PRODUCT_NAME = "$(TARGET_NAME)";
				SWIFT_EMIT_LOC_STRINGS = YES;
				SWIFT_VERSION = 5.0;
				TARGETED_DEVICE_FAMILY = 1;
			};
			name = Release;
		};
/* End XCBuildConfiguration section */

/* Begin XCConfigurationList section */
		7426B5ED276D47BA005C95D5 /* Build configuration list for PBXProject "APOD" */ = {
			isa = XCConfigurationList;
			buildConfigurations = (
				7426B604276D47BC005C95D5 /* Debug */,
				7426B605276D47BC005C95D5 /* Release */,
			);
			defaultConfigurationIsVisible = 0;
			defaultConfigurationName = Release;
		};
		7426B606276D47BC005C95D5 /* Build configuration list for PBXNativeTarget "APOD" */ = {
			isa = XCConfigurationList;
			buildConfigurations = (
				7426B607276D47BC005C95D5 /* Debug */,
				7426B608276D47BC005C95D5 /* Release */,
			);
			defaultConfigurationIsVisible = 0;
			defaultConfigurationName = Release;
		};
/* End XCConfigurationList section */
	};
	rootObject = 7426B5EA276D47BA005C95D5 /* Project object */;
}
